
Microsoft Visual Studio Solution File, Format Version 12.00
# Visual Studio 2013
VisualStudioVersion = 12.0.21005.1
MinimumVisualStudioVersion = 10.0.40219.1
Project("{FAE04EC0-301F-11D3-BF4B-00C04F79EFBC}") = "02.All-Different-Artists-in-Catalog", "02.All-Different-Artists-in-Catalog\02.All-Different-Artists-in-Catalog.csproj", "{38F9AB0E-3622-49B6-9986-2808CC3B66DF}"
EndProject
Project("{FAE04EC0-301F-11D3-BF4B-00C04F79EFBC}") = "03.All-Different-Artists-in-Catalog-XPath", "03.All-Different-Artists-in-Catalog-XPath\03.All-Different-Artists-in-Catalog-XPath.csproj", "{3D2F4BE3-D092-45E1-86CB-BC86BE514A4B}"
EndProject
Project("{FAE04EC0-301F-11D3-BF4B-00C04F79EFBC}") = "06.Extact-All-Song-Titles", "06.Extact-All-Song-Titles\06.Extact-All-Song-Titles.csproj", "{1F849FAE-7FDB-44E0-89F1-5471E8D5BB9A}"
EndProject
Global
	GlobalSection(SolutionConfigurationPlatforms) = preSolution
		Debug|Any CPU = Debug|Any CPU
		Release|Any CPU = Release|Any CPU
	EndGlobalSection
	GlobalSection(ProjectConfigurationPlatforms) = postSolution
		{38F9AB0E-3622-49B6-9986-2808CC3B66DF}.Debug|Any CPU.ActiveCfg = Debug|Any CPU
		{38F9AB0E-3622-49B6-9986-2808CC3B66DF}.Debug|Any CPU.Build.0 = Debug|Any CPU
		{38F9AB0E-3622-49B6-9986-2808CC3B66DF}.Release|Any CPU.ActiveCfg = Release|Any CPU
		{38F9AB0E-3622-49B6-9986-2808CC3B66DF}.Release|Any CPU.Build.0 = Release|Any CPU
		{3D2F4BE3-D092-45E1-86CB-BC86BE514A4B}.Debug|Any CPU.ActiveCfg = Debug|Any CPU
		{3D2F4BE3-D092-45E1-86CB-BC86BE514A4B}.Debug|Any CPU.Build.0 = Debug|Any CPU
		{3D2F4BE3-D092-45E1-86CB-BC86BE514A4B}.Release|Any CPU.ActiveCfg = Release|Any CPU
		{3D2F4BE3-D092-45E1-86CB-BC86BE514A4B}.Release|Any CPU.Build.0 = Release|Any CPU
		{1F849FAE-7FDB-44E0-89F1-5471E8D5BB9A}.Debug|Any CPU.ActiveCfg = Debug|Any CPU
		{1F849FAE-7FDB-44E0-89F1-5471E8D5BB9A}.Debug|Any CPU.Build.0 = Debug|Any CPU
		{1F849FAE-7FDB-44E0-89F1-5471E8D5BB9A}.Release|Any CPU.ActiveCfg = Release|Any CPU
		{1F849FAE-7FDB-44E0-89F1-5471E8D5BB9A}.Release|Any CPU.Build.0 = Release|Any CPU
	EndGlobalSection
	GlobalSection(SolutionProperties) = preSolution
		HideSolutionNode = FALSE
	EndGlobalSection
EndGlobal
