
Microsoft Visual Studio Solution File, Format Version 12.00
# Visual Studio 2012
Project("{FAE04EC0-301F-11D3-BF4B-00C04F79EFBC}") = "StudentSystem", "StudentSystem\StudentSystem.csproj", "{324941A7-34CE-4849-9EBB-73AD8CEACEA4}"
EndProject
Project("{FAE04EC0-301F-11D3-BF4B-00C04F79EFBC}") = "StudentSystem.Client", "StudentSystem.Client\StudentSystem.Client.csproj", "{97CB6459-76E6-4648-9C1D-D154B235B7CB}"
EndProject
Project("{FAE04EC0-301F-11D3-BF4B-00C04F79EFBC}") = "StudentSystemContext", "StudentSystemContext\StudentSystemContext.csproj", "{0BD69DD2-C638-40EB-B391-8C702FABA593}"
EndProject
Global
	GlobalSection(SolutionConfigurationPlatforms) = preSolution
		Debug|Any CPU = Debug|Any CPU
		Release|Any CPU = Release|Any CPU
	EndGlobalSection
	GlobalSection(ProjectConfigurationPlatforms) = postSolution
		{324941A7-34CE-4849-9EBB-73AD8CEACEA4}.Debug|Any CPU.ActiveCfg = Debug|Any CPU
		{324941A7-34CE-4849-9EBB-73AD8CEACEA4}.Debug|Any CPU.Build.0 = Debug|Any CPU
		{324941A7-34CE-4849-9EBB-73AD8CEACEA4}.Release|Any CPU.ActiveCfg = Release|Any CPU
		{324941A7-34CE-4849-9EBB-73AD8CEACEA4}.Release|Any CPU.Build.0 = Release|Any CPU
		{97CB6459-76E6-4648-9C1D-D154B235B7CB}.Debug|Any CPU.ActiveCfg = Debug|Any CPU
		{97CB6459-76E6-4648-9C1D-D154B235B7CB}.Debug|Any CPU.Build.0 = Debug|Any CPU
		{97CB6459-76E6-4648-9C1D-D154B235B7CB}.Release|Any CPU.ActiveCfg = Release|Any CPU
		{97CB6459-76E6-4648-9C1D-D154B235B7CB}.Release|Any CPU.Build.0 = Release|Any CPU
		{0BD69DD2-C638-40EB-B391-8C702FABA593}.Debug|Any CPU.ActiveCfg = Debug|Any CPU
		{0BD69DD2-C638-40EB-B391-8C702FABA593}.Debug|Any CPU.Build.0 = Debug|Any CPU
		{0BD69DD2-C638-40EB-B391-8C702FABA593}.Release|Any CPU.ActiveCfg = Release|Any CPU
		{0BD69DD2-C638-40EB-B391-8C702FABA593}.Release|Any CPU.Build.0 = Release|Any CPU
	EndGlobalSection
	GlobalSection(SolutionProperties) = preSolution
		HideSolutionNode = FALSE
	EndGlobalSection
EndGlobal
