
Microsoft Visual Studio Solution File, Format Version 12.00
# Visual Studio 2013
VisualStudioVersion = 12.0.30501.0
MinimumVisualStudioVersion = 10.0.40219.1
Project("{FAE04EC0-301F-11D3-BF4B-00C04F79EFBC}") = "02-ArithmeticsPerformance", "02-ArithmeticsPerformance\02-ArithmeticsPerformance.csproj", "{7B0A7AD9-BAA0-4949-85B1-07B34BDFE3E2}"
EndProject
Project("{FAE04EC0-301F-11D3-BF4B-00C04F79EFBC}") = "03. Sqrt-Log-And-Sin-Test", "03. Sqrt-Log-And-Sin-Test\03. Sqrt-Log-And-Sin-Test.csproj", "{74FBC198-D53C-4B8E-8204-ED49CCB331A1}"
EndProject
Global
	GlobalSection(SolutionConfigurationPlatforms) = preSolution
		Debug|Any CPU = Debug|Any CPU
		Release|Any CPU = Release|Any CPU
	EndGlobalSection
	GlobalSection(ProjectConfigurationPlatforms) = postSolution
		{7B0A7AD9-BAA0-4949-85B1-07B34BDFE3E2}.Debug|Any CPU.ActiveCfg = Debug|Any CPU
		{7B0A7AD9-BAA0-4949-85B1-07B34BDFE3E2}.Debug|Any CPU.Build.0 = Debug|Any CPU
		{7B0A7AD9-BAA0-4949-85B1-07B34BDFE3E2}.Release|Any CPU.ActiveCfg = Release|Any CPU
		{7B0A7AD9-BAA0-4949-85B1-07B34BDFE3E2}.Release|Any CPU.Build.0 = Release|Any CPU
		{74FBC198-D53C-4B8E-8204-ED49CCB331A1}.Debug|Any CPU.ActiveCfg = Debug|Any CPU
		{74FBC198-D53C-4B8E-8204-ED49CCB331A1}.Debug|Any CPU.Build.0 = Debug|Any CPU
		{74FBC198-D53C-4B8E-8204-ED49CCB331A1}.Release|Any CPU.ActiveCfg = Release|Any CPU
		{74FBC198-D53C-4B8E-8204-ED49CCB331A1}.Release|Any CPU.Build.0 = Release|Any CPU
	EndGlobalSection
	GlobalSection(SolutionProperties) = preSolution
		HideSolutionNode = FALSE
	EndGlobalSection
EndGlobal
