
Microsoft Visual Studio Solution File, Format Version 12.00
# Visual Studio 2013
VisualStudioVersion = 12.0.21005.1
MinimumVisualStudioVersion = 10.0.40219.1
Project("{FAE04EC0-301F-11D3-BF4B-00C04F79EFBC}") = "ChatClient.App", "ChatClient.App\ChatClient.App.csproj", "{61257E73-9E66-48BC-9A84-BA58383ACD62}"
EndProject
Project("{FAE04EC0-301F-11D3-BF4B-00C04F79EFBC}") = "ChatClient.Data", "ChatClient.Data\ChatClient.Data.csproj", "{A7BAF0EB-9386-463E-9AAE-81697435BD2B}"
EndProject
Global
	GlobalSection(SolutionConfigurationPlatforms) = preSolution
		Debug|Any CPU = Debug|Any CPU
		Release|Any CPU = Release|Any CPU
	EndGlobalSection
	GlobalSection(ProjectConfigurationPlatforms) = postSolution
		{61257E73-9E66-48BC-9A84-BA58383ACD62}.Debug|Any CPU.ActiveCfg = Debug|Any CPU
		{61257E73-9E66-48BC-9A84-BA58383ACD62}.Debug|Any CPU.Build.0 = Debug|Any CPU
		{61257E73-9E66-48BC-9A84-BA58383ACD62}.Release|Any CPU.ActiveCfg = Release|Any CPU
		{61257E73-9E66-48BC-9A84-BA58383ACD62}.Release|Any CPU.Build.0 = Release|Any CPU
		{A7BAF0EB-9386-463E-9AAE-81697435BD2B}.Debug|Any CPU.ActiveCfg = Debug|Any CPU
		{A7BAF0EB-9386-463E-9AAE-81697435BD2B}.Debug|Any CPU.Build.0 = Debug|Any CPU
		{A7BAF0EB-9386-463E-9AAE-81697435BD2B}.Release|Any CPU.ActiveCfg = Release|Any CPU
		{A7BAF0EB-9386-463E-9AAE-81697435BD2B}.Release|Any CPU.Build.0 = Release|Any CPU
	EndGlobalSection
	GlobalSection(SolutionProperties) = preSolution
		HideSolutionNode = FALSE
	EndGlobalSection
EndGlobal
